<?xml version="1.0" encoding="utf-8"?>
<Project ToolsVersion="4.0" xmlns="http://schemas.microsoft.com/developer/msbuild/2003">
  <ItemGroup>
    <Filter Include="Quelldateien">
      <UniqueIdentifier>{4FC737F1-C7A5-4376-A066-2A32D752A2FF}</UniqueIdentifier>
      <Extensions>cpp;c;cc;cxx;c++;cppm;ixx;def;odl;idl;hpj;bat;asm;asmx</Extensions>
    </Filter>
    <Filter Include="Headerdateien">
      <UniqueIdentifier>{93995380-89BD-4b04-88EB-625FBE52EBFB}</UniqueIdentifier>
      <Extensions>h;hh;hpp;hxx;h++;hm;inl;inc;ipp;xsd</Extensions>
    </Filter>
    <Filter Include="Ressourcendateien">
      <UniqueIdentifier>{67DA6AB6-F800-4c08-8B7A-83BB121AAD01}</UniqueIdentifier>
      <Extensions>rc;ico;cur;bmp;dlg;rc2;rct;bin;rgs;gif;jpg;jpeg;jpe;resx;tiff;tif;png;wav;mfcribbon-ms</Extensions>
    </Filter>
    <Filter Include="State">
      <UniqueIdentifier>{e27a8d95-01ff-4f37-8f30-cb0f71f1a933}</UniqueIdentifier>
    </Filter>
    <Filter Include="State\Headerdatein">
      <UniqueIdentifier>{b4241460-ebb7-4d09-8f16-91b9b62880d6}</UniqueIdentifier>
    </Filter>
    <Filter Include="State\Quelldateien">
      <UniqueIdentifier>{a4bd388a-df58-44f8-8811-2df71d280782}</UniqueIdentifier>
    </Filter>
  </ItemGroup>
  <ItemGroup>
    <ClCompile Include="Game.cpp">
      <Filter>Quelldateien</Filter>
    </ClCompile>
    <ClCompile Include="Player.cpp">
      <Filter>Quelldateien</Filter>
    </ClCompile>
    <ClCompile Include="Button.cpp">
      <Filter>Quelldateien</Filter>
    </ClCompile>
    <ClCompile Include="Board.cpp">
      <Filter>Quelldateien</Filter>
    </ClCompile>
    <ClCompile Include="Goal.cpp">
      <Filter>Quelldateien</Filter>
    </ClCompile>
    <ClCompile Include="Poison.cpp">
      <Filter>Quelldateien</Filter>
    </ClCompile>
    <ClCompile Include="ghost.cpp">
      <Filter>Quelldateien</Filter>
    </ClCompile>
    <ClCompile Include="main.cpp">
      <Filter>Quelldateien</Filter>
    </ClCompile>
    <ClCompile Include="States.cpp">
      <Filter>State\Quelldateien</Filter>
    </ClCompile>
  </ItemGroup>
  <ItemGroup>
    <ClInclude Include="Game.h">
      <Filter>Headerdateien</Filter>
    </ClInclude>
    <ClInclude Include="Player.h">
      <Filter>Headerdateien</Filter>
    </ClInclude>
    <ClInclude Include="Button.h">
      <Filter>Headerdateien</Filter>
    </ClInclude>
    <ClInclude Include="Location.h">
      <Filter>Headerdateien</Filter>
    </ClInclude>
    <ClInclude Include="Board.h">
      <Filter>Headerdateien</Filter>
    </ClInclude>
    <ClInclude Include="Goal.h">
      <Filter>Headerdateien</Filter>
    </ClInclude>
    <ClInclude Include="Poison.h">
      <Filter>Headerdateien</Filter>
    </ClInclude>
    <ClInclude Include="ghost.h">
      <Filter>Headerdateien</Filter>
    </ClInclude>
    <ClInclude Include="States.h">
      <Filter>State\Headerdatein</Filter>
    </ClInclude>
  </ItemGroup>
  <ItemGroup>
    <None Include="configs.ini">
      <Filter>Ressourcendateien</Filter>
    </None>
  </ItemGroup>
</Project>